
Microsoft Visual Studio Solution File, Format Version 12.00
# Visual Studio Version 17
VisualStudioVersion = 17.11.35303.130
MinimumVisualStudioVersion = 10.0.40219.1
Project("{2150E333-8FDC-42A3-9474-1A3956D46DE8}") = "EventBus", "EventBus", "{211B67DE-FD4C-440E-818C-0EEC5E04CD63}"
EndProject
Project("{2150E333-8FDC-42A3-9474-1A3956D46DE8}") = "CatalogService", "CatalogService", "{ECC4D95F-3F6D-47FE-BD99-53D14FCAFE4F}"
EndProject
Project("{2150E333-8FDC-42A3-9474-1A3956D46DE8}") = "OrderService", "OrderService", "{595C38F2-ACFD-4479-AA4E-FE0888903941}"
EndProject
Project("{9A19103F-16F7-4668-BE54-9A1E7A4F7556}") = "EventBus.Abstraction", "EventBus.Abstraction\EventBus.Abstraction.csproj", "{01DCA04C-C1A8-46A4-8450-9764C0410D7E}"
EndProject
Project("{9A19103F-16F7-4668-BE54-9A1E7A4F7556}") = "EventBus.RabbitMQ", "EventBus.RabbitMQ\EventBus.RabbitMQ.csproj", "{2B610B71-4C84-4D41-8C0E-99C84A64E114}"
EndProject
Project("{2150E333-8FDC-42A3-9474-1A3956D46DE8}") = "Core", "Core", "{6F9038D3-6012-4C80-8465-F6167319D04C}"
EndProject
Project("{2150E333-8FDC-42A3-9474-1A3956D46DE8}") = "Infrastructure", "Infrastructure", "{5DF0CF24-F924-407D-91C5-AF5BC7FD349E}"
EndProject
Project("{2150E333-8FDC-42A3-9474-1A3956D46DE8}") = "Presentation", "Presentation", "{F3B64718-F5BE-4B43-B565-D62E4FBBEA37}"
EndProject
Project("{2150E333-8FDC-42A3-9474-1A3956D46DE8}") = "Core", "Core", "{49DD51F3-B19E-43A6-8BA5-933555AD1E22}"
EndProject
Project("{2150E333-8FDC-42A3-9474-1A3956D46DE8}") = "Infrastructure", "Infrastructure", "{9459C231-C08F-44A6-8819-9EE40C8463F2}"
EndProject
Project("{2150E333-8FDC-42A3-9474-1A3956D46DE8}") = "Presentation", "Presentation", "{B2CACF15-CFB9-4E6A-88BB-0E4D697EF201}"
EndProject
Project("{9A19103F-16F7-4668-BE54-9A1E7A4F7556}") = "CatalogService.Domain", "CatalogService.Domain\CatalogService.Domain.csproj", "{E2EA9636-CA57-4B9F-A3F6-4EA787DBE107}"
EndProject
Project("{9A19103F-16F7-4668-BE54-9A1E7A4F7556}") = "CatalogService.Application", "CatalogService.Application\CatalogService.Application.csproj", "{2D7D5AA8-6D4D-4E2F-9106-5C202DE6B2C9}"
EndProject
Project("{9A19103F-16F7-4668-BE54-9A1E7A4F7556}") = "CatalogService.PostgreSQL", "CatalogService.PostgreSQL\CatalogService.PostgreSQL.csproj", "{15618EE7-FF65-42F5-BDE5-64373A286E15}"
EndProject
Project("{9A19103F-16F7-4668-BE54-9A1E7A4F7556}") = "CatalogService.API", "CatalogService.API\CatalogService.API.csproj", "{4796251E-31EE-4201-BF0F-5FAFA78F3343}"
EndProject
Project("{9A19103F-16F7-4668-BE54-9A1E7A4F7556}") = "OrderService.Domain", "OrderService.Domain\OrderService.Domain.csproj", "{1E6351FD-2115-44E2-A50A-920B52DA6C3E}"
EndProject
Project("{9A19103F-16F7-4668-BE54-9A1E7A4F7556}") = "OrderService.Application", "OrderService.Application\OrderService.Application.csproj", "{EDADB28A-743B-4EAE-80FD-83449EEB5943}"
EndProject
Project("{2150E333-8FDC-42A3-9474-1A3956D46DE8}") = "Common", "Common", "{131D85C1-82A4-41A1-8EDD-D78434B58670}"
EndProject
Project("{FAE04EC0-301F-11D3-BF4B-00C04F79EFBC}") = "SharedCollection", "SharedCollection\SharedCollection.csproj", "{11ADE9B1-E32C-4DB3-881A-5C2D8B389C9D}"
EndProject
Project("{FAE04EC0-301F-11D3-BF4B-00C04F79EFBC}") = "OrderService.PostgreSQL", "OrderService.PostgreSQL\OrderService.PostgreSQL.csproj", "{02834B18-55B5-4B52-B570-7A55BB1D6826}"
EndProject
Project("{FAE04EC0-301F-11D3-BF4B-00C04F79EFBC}") = "OrderService.API", "OrderService.API\OrderService.API.csproj", "{EA3C75EF-2DD5-4041-8ED3-79B96118441D}"
EndProject
Project("{E53339B2-1760-4266-BCC7-CA923CBCF16C}") = "docker-compose", "docker-compose.dcproj", "{AE7614B5-1D98-4DB3-9F1A-C5C9424BF603}"
EndProject
Global
	GlobalSection(SolutionConfigurationPlatforms) = preSolution
		Debug|Any CPU = Debug|Any CPU
		Release|Any CPU = Release|Any CPU
	EndGlobalSection
	GlobalSection(ProjectConfigurationPlatforms) = postSolution
		{01DCA04C-C1A8-46A4-8450-9764C0410D7E}.Debug|Any CPU.ActiveCfg = Debug|Any CPU
		{01DCA04C-C1A8-46A4-8450-9764C0410D7E}.Debug|Any CPU.Build.0 = Debug|Any CPU
		{01DCA04C-C1A8-46A4-8450-9764C0410D7E}.Release|Any CPU.ActiveCfg = Release|Any CPU
		{01DCA04C-C1A8-46A4-8450-9764C0410D7E}.Release|Any CPU.Build.0 = Release|Any CPU
		{2B610B71-4C84-4D41-8C0E-99C84A64E114}.Debug|Any CPU.ActiveCfg = Debug|Any CPU
		{2B610B71-4C84-4D41-8C0E-99C84A64E114}.Debug|Any CPU.Build.0 = Debug|Any CPU
		{2B610B71-4C84-4D41-8C0E-99C84A64E114}.Release|Any CPU.ActiveCfg = Release|Any CPU
		{2B610B71-4C84-4D41-8C0E-99C84A64E114}.Release|Any CPU.Build.0 = Release|Any CPU
		{E2EA9636-CA57-4B9F-A3F6-4EA787DBE107}.Debug|Any CPU.ActiveCfg = Debug|Any CPU
		{E2EA9636-CA57-4B9F-A3F6-4EA787DBE107}.Debug|Any CPU.Build.0 = Debug|Any CPU
		{E2EA9636-CA57-4B9F-A3F6-4EA787DBE107}.Release|Any CPU.ActiveCfg = Release|Any CPU
		{E2EA9636-CA57-4B9F-A3F6-4EA787DBE107}.Release|Any CPU.Build.0 = Release|Any CPU
		{2D7D5AA8-6D4D-4E2F-9106-5C202DE6B2C9}.Debug|Any CPU.ActiveCfg = Debug|Any CPU
		{2D7D5AA8-6D4D-4E2F-9106-5C202DE6B2C9}.Debug|Any CPU.Build.0 = Debug|Any CPU
		{2D7D5AA8-6D4D-4E2F-9106-5C202DE6B2C9}.Release|Any CPU.ActiveCfg = Release|Any CPU
		{2D7D5AA8-6D4D-4E2F-9106-5C202DE6B2C9}.Release|Any CPU.Build.0 = Release|Any CPU
		{15618EE7-FF65-42F5-BDE5-64373A286E15}.Debug|Any CPU.ActiveCfg = Debug|Any CPU
		{15618EE7-FF65-42F5-BDE5-64373A286E15}.Debug|Any CPU.Build.0 = Debug|Any CPU
		{15618EE7-FF65-42F5-BDE5-64373A286E15}.Release|Any CPU.ActiveCfg = Release|Any CPU
		{15618EE7-FF65-42F5-BDE5-64373A286E15}.Release|Any CPU.Build.0 = Release|Any CPU
		{4796251E-31EE-4201-BF0F-5FAFA78F3343}.Debug|Any CPU.ActiveCfg = Debug|Any CPU
		{4796251E-31EE-4201-BF0F-5FAFA78F3343}.Debug|Any CPU.Build.0 = Debug|Any CPU
		{4796251E-31EE-4201-BF0F-5FAFA78F3343}.Release|Any CPU.ActiveCfg = Release|Any CPU
		{4796251E-31EE-4201-BF0F-5FAFA78F3343}.Release|Any CPU.Build.0 = Release|Any CPU
		{1E6351FD-2115-44E2-A50A-920B52DA6C3E}.Debug|Any CPU.ActiveCfg = Debug|Any CPU
		{1E6351FD-2115-44E2-A50A-920B52DA6C3E}.Debug|Any CPU.Build.0 = Debug|Any CPU
		{1E6351FD-2115-44E2-A50A-920B52DA6C3E}.Release|Any CPU.ActiveCfg = Release|Any CPU
		{1E6351FD-2115-44E2-A50A-920B52DA6C3E}.Release|Any CPU.Build.0 = Release|Any CPU
		{EDADB28A-743B-4EAE-80FD-83449EEB5943}.Debug|Any CPU.ActiveCfg = Debug|Any CPU
		{EDADB28A-743B-4EAE-80FD-83449EEB5943}.Debug|Any CPU.Build.0 = Debug|Any CPU
		{EDADB28A-743B-4EAE-80FD-83449EEB5943}.Release|Any CPU.ActiveCfg = Release|Any CPU
		{EDADB28A-743B-4EAE-80FD-83449EEB5943}.Release|Any CPU.Build.0 = Release|Any CPU
		{11ADE9B1-E32C-4DB3-881A-5C2D8B389C9D}.Debug|Any CPU.ActiveCfg = Debug|Any CPU
		{11ADE9B1-E32C-4DB3-881A-5C2D8B389C9D}.Debug|Any CPU.Build.0 = Debug|Any CPU
		{11ADE9B1-E32C-4DB3-881A-5C2D8B389C9D}.Release|Any CPU.ActiveCfg = Release|Any CPU
		{11ADE9B1-E32C-4DB3-881A-5C2D8B389C9D}.Release|Any CPU.Build.0 = Release|Any CPU
		{02834B18-55B5-4B52-B570-7A55BB1D6826}.Debug|Any CPU.ActiveCfg = Debug|Any CPU
		{02834B18-55B5-4B52-B570-7A55BB1D6826}.Debug|Any CPU.Build.0 = Debug|Any CPU
		{02834B18-55B5-4B52-B570-7A55BB1D6826}.Release|Any CPU.ActiveCfg = Release|Any CPU
		{02834B18-55B5-4B52-B570-7A55BB1D6826}.Release|Any CPU.Build.0 = Release|Any CPU
		{EA3C75EF-2DD5-4041-8ED3-79B96118441D}.Debug|Any CPU.ActiveCfg = Debug|Any CPU
		{EA3C75EF-2DD5-4041-8ED3-79B96118441D}.Debug|Any CPU.Build.0 = Debug|Any CPU
		{EA3C75EF-2DD5-4041-8ED3-79B96118441D}.Release|Any CPU.ActiveCfg = Release|Any CPU
		{EA3C75EF-2DD5-4041-8ED3-79B96118441D}.Release|Any CPU.Build.0 = Release|Any CPU
		{AE7614B5-1D98-4DB3-9F1A-C5C9424BF603}.Debug|Any CPU.ActiveCfg = Debug|Any CPU
		{AE7614B5-1D98-4DB3-9F1A-C5C9424BF603}.Debug|Any CPU.Build.0 = Debug|Any CPU
		{AE7614B5-1D98-4DB3-9F1A-C5C9424BF603}.Release|Any CPU.ActiveCfg = Release|Any CPU
		{AE7614B5-1D98-4DB3-9F1A-C5C9424BF603}.Release|Any CPU.Build.0 = Release|Any CPU
	EndGlobalSection
	GlobalSection(SolutionProperties) = preSolution
		HideSolutionNode = FALSE
	EndGlobalSection
	GlobalSection(NestedProjects) = preSolution
		{01DCA04C-C1A8-46A4-8450-9764C0410D7E} = {211B67DE-FD4C-440E-818C-0EEC5E04CD63}
		{2B610B71-4C84-4D41-8C0E-99C84A64E114} = {211B67DE-FD4C-440E-818C-0EEC5E04CD63}
		{6F9038D3-6012-4C80-8465-F6167319D04C} = {ECC4D95F-3F6D-47FE-BD99-53D14FCAFE4F}
		{5DF0CF24-F924-407D-91C5-AF5BC7FD349E} = {ECC4D95F-3F6D-47FE-BD99-53D14FCAFE4F}
		{F3B64718-F5BE-4B43-B565-D62E4FBBEA37} = {ECC4D95F-3F6D-47FE-BD99-53D14FCAFE4F}
		{49DD51F3-B19E-43A6-8BA5-933555AD1E22} = {595C38F2-ACFD-4479-AA4E-FE0888903941}
		{9459C231-C08F-44A6-8819-9EE40C8463F2} = {595C38F2-ACFD-4479-AA4E-FE0888903941}
		{B2CACF15-CFB9-4E6A-88BB-0E4D697EF201} = {595C38F2-ACFD-4479-AA4E-FE0888903941}
		{E2EA9636-CA57-4B9F-A3F6-4EA787DBE107} = {6F9038D3-6012-4C80-8465-F6167319D04C}
		{2D7D5AA8-6D4D-4E2F-9106-5C202DE6B2C9} = {6F9038D3-6012-4C80-8465-F6167319D04C}
		{15618EE7-FF65-42F5-BDE5-64373A286E15} = {5DF0CF24-F924-407D-91C5-AF5BC7FD349E}
		{4796251E-31EE-4201-BF0F-5FAFA78F3343} = {F3B64718-F5BE-4B43-B565-D62E4FBBEA37}
		{1E6351FD-2115-44E2-A50A-920B52DA6C3E} = {49DD51F3-B19E-43A6-8BA5-933555AD1E22}
		{EDADB28A-743B-4EAE-80FD-83449EEB5943} = {49DD51F3-B19E-43A6-8BA5-933555AD1E22}
		{11ADE9B1-E32C-4DB3-881A-5C2D8B389C9D} = {131D85C1-82A4-41A1-8EDD-D78434B58670}
		{02834B18-55B5-4B52-B570-7A55BB1D6826} = {9459C231-C08F-44A6-8819-9EE40C8463F2}
		{EA3C75EF-2DD5-4041-8ED3-79B96118441D} = {B2CACF15-CFB9-4E6A-88BB-0E4D697EF201}
	EndGlobalSection
	GlobalSection(ExtensibilityGlobals) = postSolution
		SolutionGuid = {9D68BAF5-105F-41AE-A4CA-4C243EB6279B}
	EndGlobalSection
EndGlobal
